
Microsoft Visual Studio Solution File, Format Version 12.00
# Visual Studio 15
VisualStudioVersion = 15.0.28307.168
MinimumVisualStudioVersion = 10.0.40219.1
Project("{2150E333-8FDC-42A3-9474-1A3956D46DE8}") = "src", "src", "{19F84FE1-ADA2-4936-AD60-5925FDFA0E5D}"
EndProject
Project("{2150E333-8FDC-42A3-9474-1A3956D46DE8}") = "tests", "tests", "{16654278-8CDD-435A-9907-2062BFE023FB}"
EndProject
Project("{9A19103F-16F7-4668-BE54-9A1E7A4F7556}") = "TestsStrategies.BDDMindset.Samples.Api", "src\TestsStrategies.BDDMindset.Samples.Api\TestsStrategies.BDDMindset.Samples.Api.csproj", "{7364C16E-50D2-43FB-ACFE-BF0E382052E6}"
EndProject
Project("{FAE04EC0-301F-11D3-BF4B-00C04F79EFBC}") = "TestsStrategies.BDDMindset.Samples.Tests", "tests\TestsStrategies.BDDMindset.Samples.Tests\TestsStrategies.BDDMindset.Samples.Tests.csproj", "{87BE24B6-939F-4BC1-BDD6-412A3BCFA197}"
EndProject
Global
	GlobalSection(SolutionConfigurationPlatforms) = preSolution
		Debug|Any CPU = Debug|Any CPU
		Release|Any CPU = Release|Any CPU
	EndGlobalSection
	GlobalSection(ProjectConfigurationPlatforms) = postSolution
		{7364C16E-50D2-43FB-ACFE-BF0E382052E6}.Debug|Any CPU.ActiveCfg = Debug|Any CPU
		{7364C16E-50D2-43FB-ACFE-BF0E382052E6}.Debug|Any CPU.Build.0 = Debug|Any CPU
		{7364C16E-50D2-43FB-ACFE-BF0E382052E6}.Release|Any CPU.ActiveCfg = Release|Any CPU
		{7364C16E-50D2-43FB-ACFE-BF0E382052E6}.Release|Any CPU.Build.0 = Release|Any CPU
		{87BE24B6-939F-4BC1-BDD6-412A3BCFA197}.Debug|Any CPU.ActiveCfg = Debug|Any CPU
		{87BE24B6-939F-4BC1-BDD6-412A3BCFA197}.Debug|Any CPU.Build.0 = Debug|Any CPU
		{87BE24B6-939F-4BC1-BDD6-412A3BCFA197}.Release|Any CPU.ActiveCfg = Release|Any CPU
		{87BE24B6-939F-4BC1-BDD6-412A3BCFA197}.Release|Any CPU.Build.0 = Release|Any CPU
	EndGlobalSection
	GlobalSection(SolutionProperties) = preSolution
		HideSolutionNode = FALSE
	EndGlobalSection
	GlobalSection(NestedProjects) = preSolution
		{7364C16E-50D2-43FB-ACFE-BF0E382052E6} = {19F84FE1-ADA2-4936-AD60-5925FDFA0E5D}
		{87BE24B6-939F-4BC1-BDD6-412A3BCFA197} = {16654278-8CDD-435A-9907-2062BFE023FB}
	EndGlobalSection
	GlobalSection(ExtensibilityGlobals) = postSolution
		SolutionGuid = {1F620B61-6401-41DD-B2B6-D92D69363E34}
	EndGlobalSection
EndGlobal
